{
  "object": {
    "pins": [
      {
        "package": "SwiftUICharts",
        "repositoryURL": "https://github.com/willdale/SwiftUICharts.git",
        "state": {
          "branch": "main",
          "revision": "0ba0862890dddc06bd7282f49d2e6679e7bacc24",
          "version": null
        }
      }
    ]
  },
  "version": 1
}
