// !$*UTF8*$!
{
	archiveVersion = 1;
	classes = {
	};
	objectVersion = 52;
	objects = {

/* Begin PBXBuildFile section */
		3329B1DC26430EC900F1E8A1 /* CovidCzechApp.swift in Sources */ = {isa = PBXBuildFile; fileRef = 3329B1DB26430EC900F1E8A1 /* CovidCzechApp.swift */; };
		3329B1DE26430EC900F1E8A1 /* ContentView.swift in Sources */ = {isa = PBXBuildFile; fileRef = 3329B1DD26430EC900F1E8A1 /* ContentView.swift */; };
		3329B1E026430ECA00F1E8A1 /* Assets.xcassets in Resources */ = {isa = PBXBuildFile; fileRef = 3329B1DF26430ECA00F1E8A1 /* Assets.xcassets */; };
		3329B1E326430ECA00F1E8A1 /* Preview Assets.xcassets in Resources */ = {isa = PBXBuildFile; fileRef = 3329B1E226430ECA00F1E8A1 /* Preview Assets.xcassets */; };
		3329B1EE26430ECA00F1E8A1 /* CovidCzechTests.swift in Sources */ = {isa = PBXBuildFile; fileRef = 3329B1ED26430ECA00F1E8A1 /* CovidCzechTests.swift */; };
		3329B1F926430ECA00F1E8A1 /* CovidCzechUITests.swift in Sources */ = {isa = PBXBuildFile; fileRef = 3329B1F826430ECA00F1E8A1 /* CovidCzechUITests.swift */; };
		3329B20B26430FE200F1E8A1 /* Charts in Frameworks */ = {isa = PBXBuildFile; productRef = 3329B20A26430FE200F1E8A1 /* Charts */; };
		3329B21126430FF900F1E8A1 /* SwiftyJSON in Frameworks */ = {isa = PBXBuildFile; productRef = 3329B21026430FF900F1E8A1 /* SwiftyJSON */; };
		3329B2162643314B00F1E8A1 /* ContentViewModel.swift in Sources */ = {isa = PBXBuildFile; fileRef = 3329B2152643314B00F1E8A1 /* ContentViewModel.swift */; };
		3329B21B2643359800F1E8A1 /* Region.swift in Sources */ = {isa = PBXBuildFile; fileRef = 3329B21A2643359800F1E8A1 /* Region.swift */; };
		3329B220264335A200F1E8A1 /* Country.swift in Sources */ = {isa = PBXBuildFile; fileRef = 3329B21F264335A200F1E8A1 /* Country.swift */; };
		3329B225264335C900F1E8A1 /* ListRowView.swift in Sources */ = {isa = PBXBuildFile; fileRef = 3329B224264335C900F1E8A1 /* ListRowView.swift */; };
		3329B22A264335E600F1E8A1 /* Date+Ext.swift in Sources */ = {isa = PBXBuildFile; fileRef = 3329B229264335E600F1E8A1 /* Date+Ext.swift */; };
		3329B22F264335FA00F1E8A1 /* Constants.swift in Sources */ = {isa = PBXBuildFile; fileRef = 3329B22E264335FA00F1E8A1 /* Constants.swift */; };
		33C9576E2643DB0A00792253 /* Localizable.strings in Resources */ = {isa = PBXBuildFile; fileRef = 33C957702643DB0A00792253 /* Localizable.strings */; };
/* End PBXBuildFile section */

/* Begin PBXContainerItemProxy section */
		3329B1EA26430ECA00F1E8A1 /* PBXContainerItemProxy */ = {
			isa = PBXContainerItemProxy;
			containerPortal = 3329B1D026430EC900F1E8A1 /* Project object */;
			proxyType = 1;
			remoteGlobalIDString = 3329B1D726430EC900F1E8A1;
			remoteInfo = CovidCzech;
		};
		3329B1F526430ECA00F1E8A1 /* PBXContainerItemProxy */ = {
			isa = PBXContainerItemProxy;
			containerPortal = 3329B1D026430EC900F1E8A1 /* Project object */;
			proxyType = 1;
			remoteGlobalIDString = 3329B1D726430EC900F1E8A1;
			remoteInfo = CovidCzech;
		};
/* End PBXContainerItemProxy section */

/* Begin PBXFileReference section */
		3329B1D826430EC900F1E8A1 /* CovidCzech.app */ = {isa = PBXFileReference; explicitFileType = wrapper.application; includeInIndex = 0; path = CovidCzech.app; sourceTree = BUILT_PRODUCTS_DIR; };
		3329B1DB26430EC900F1E8A1 /* CovidCzechApp.swift */ = {isa = PBXFileReference; lastKnownFileType = sourcecode.swift; path = CovidCzechApp.swift; sourceTree = "<group>"; };
		3329B1DD26430EC900F1E8A1 /* ContentView.swift */ = {isa = PBXFileReference; lastKnownFileType = sourcecode.swift; path = ContentView.swift; sourceTree = "<group>"; };
		3329B1DF26430ECA00F1E8A1 /* Assets.xcassets */ = {isa = PBXFileReference; lastKnownFileType = folder.assetcatalog; path = Assets.xcassets; sourceTree = "<group>"; };
		3329B1E226430ECA00F1E8A1 /* Preview Assets.xcassets */ = {isa = PBXFileReference; lastKnownFileType = folder.assetcatalog; path = "Preview Assets.xcassets"; sourceTree = "<group>"; };
		3329B1E426430ECA00F1E8A1 /* Info.plist */ = {isa = PBXFileReference; lastKnownFileType = text.plist.xml; path = Info.plist; sourceTree = "<group>"; };
		3329B1E926430ECA00F1E8A1 /* CovidCzechTests.xctest */ = {isa = PBXFileReference; explicitFileType = wrapper.cfbundle; includeInIndex = 0; path = CovidCzechTests.xctest; sourceTree = BUILT_PRODUCTS_DIR; };
		3329B1ED26430ECA00F1E8A1 /* CovidCzechTests.swift */ = {isa = PBXFileReference; lastKnownFileType = sourcecode.swift; path = CovidCzechTests.swift; sourceTree = "<group>"; };
		3329B1EF26430ECA00F1E8A1 /* Info.plist */ = {isa = PBXFileReference; lastKnownFileType = text.plist.xml; path = Info.plist; sourceTree = "<group>"; };
		3329B1F426430ECA00F1E8A1 /* CovidCzechUITests.xctest */ = {isa = PBXFileReference; explicitFileType = wrapper.cfbundle; includeInIndex = 0; path = CovidCzechUITests.xctest; sourceTree = BUILT_PRODUCTS_DIR; };
		3329B1F826430ECA00F1E8A1 /* CovidCzechUITests.swift */ = {isa = PBXFileReference; lastKnownFileType = sourcecode.swift; path = CovidCzechUITests.swift; sourceTree = "<group>"; };
		3329B1FA26430ECA00F1E8A1 /* Info.plist */ = {isa = PBXFileReference; lastKnownFileType = text.plist.xml; path = Info.plist; sourceTree = "<group>"; };
		3329B2152643314B00F1E8A1 /* ContentViewModel.swift */ = {isa = PBXFileReference; lastKnownFileType = sourcecode.swift; path = ContentViewModel.swift; sourceTree = "<group>"; };
		3329B21A2643359800F1E8A1 /* Region.swift */ = {isa = PBXFileReference; lastKnownFileType = sourcecode.swift; path = Region.swift; sourceTree = "<group>"; };
		3329B21F264335A200F1E8A1 /* Country.swift */ = {isa = PBXFileReference; lastKnownFileType = sourcecode.swift; path = Country.swift; sourceTree = "<group>"; };
		3329B224264335C900F1E8A1 /* ListRowView.swift */ = {isa = PBXFileReference; lastKnownFileType = sourcecode.swift; path = ListRowView.swift; sourceTree = "<group>"; };
		3329B229264335E600F1E8A1 /* Date+Ext.swift */ = {isa = PBXFileReference; lastKnownFileType = sourcecode.swift; path = "Date+Ext.swift"; sourceTree = "<group>"; };
		3329B22E264335FA00F1E8A1 /* Constants.swift */ = {isa = PBXFileReference; lastKnownFileType = sourcecode.swift; path = Constants.swift; sourceTree = "<group>"; };
		33C9576F2643DB0A00792253 /* en */ = {isa = PBXFileReference; lastKnownFileType = text.plist.strings; name = en; path = en.lproj/Localizable.strings; sourceTree = "<group>"; };
		33C957742643DB0D00792253 /* cs */ = {isa = PBXFileReference; lastKnownFileType = text.plist.strings; name = cs; path = cs.lproj/Localizable.strings; sourceTree = "<group>"; };
/* End PBXFileReference section */

/* Begin PBXFrameworksBuildPhase section */
		3329B1D526430EC900F1E8A1 /* Frameworks */ = {
			isa = PBXFrameworksBuildPhase;
			buildActionMask = 2147483647;
			files = (
				3329B21126430FF900F1E8A1 /* SwiftyJSON in Frameworks */,
				3329B20B26430FE200F1E8A1 /* Charts in Frameworks */,
			);
			runOnlyForDeploymentPostprocessing = 0;
		};
		3329B1E626430ECA00F1E8A1 /* Frameworks */ = {
			isa = PBXFrameworksBuildPhase;
			buildActionMask = 2147483647;
			files = (
			);
			runOnlyForDeploymentPostprocessing = 0;
		};
		3329B1F126430ECA00F1E8A1 /* Frameworks */ = {
			isa = PBXFrameworksBuildPhase;
			buildActionMask = 2147483647;
			files = (
			);
			runOnlyForDeploymentPostprocessing = 0;
		};
/* End PBXFrameworksBuildPhase section */

/* Begin PBXGroup section */
		3329B1CF26430EC900F1E8A1 = {
			isa = PBXGroup;
			children = (
				3329B1DA26430EC900F1E8A1 /* CovidCzech */,
				3329B1EC26430ECA00F1E8A1 /* CovidCzechTests */,
				3329B1F726430ECA00F1E8A1 /* CovidCzechUITests */,
				3329B1D926430EC900F1E8A1 /* Products */,
			);
			sourceTree = "<group>";
		};
		3329B1D926430EC900F1E8A1 /* Products */ = {
			isa = PBXGroup;
			children = (
				3329B1D826430EC900F1E8A1 /* CovidCzech.app */,
				3329B1E926430ECA00F1E8A1 /* CovidCzechTests.xctest */,
				3329B1F426430ECA00F1E8A1 /* CovidCzechUITests.xctest */,
			);
			name = Products;
			sourceTree = "<group>";
		};
		3329B1DA26430EC900F1E8A1 /* CovidCzech */ = {
			isa = PBXGroup;
			children = (
				3329B1DB26430EC900F1E8A1 /* CovidCzechApp.swift */,
				3329B2372643381E00F1E8A1 /* Views */,
				3329B2332643381A00F1E8A1 /* Utils */,
				3329B1DF26430ECA00F1E8A1 /* Assets.xcassets */,
				3329B1E426430ECA00F1E8A1 /* Info.plist */,
				3329B1E126430ECA00F1E8A1 /* Preview Content */,
				33C957702643DB0A00792253 /* Localizable.strings */,
			);
			path = CovidCzech;
			sourceTree = "<group>";
		};
		3329B1E126430ECA00F1E8A1 /* Preview Content */ = {
			isa = PBXGroup;
			children = (
				3329B1E226430ECA00F1E8A1 /* Preview Assets.xcassets */,
			);
			path = "Preview Content";
			sourceTree = "<group>";
		};
		3329B1EC26430ECA00F1E8A1 /* CovidCzechTests */ = {
			isa = PBXGroup;
			children = (
				3329B1ED26430ECA00F1E8A1 /* CovidCzechTests.swift */,
				3329B1EF26430ECA00F1E8A1 /* Info.plist */,
			);
			path = CovidCzechTests;
			sourceTree = "<group>";
		};
		3329B1F726430ECA00F1E8A1 /* CovidCzechUITests */ = {
			isa = PBXGroup;
			children = (
				3329B1F826430ECA00F1E8A1 /* CovidCzechUITests.swift */,
				3329B1FA26430ECA00F1E8A1 /* Info.plist */,
			);
			path = CovidCzechUITests;
			sourceTree = "<group>";
		};
		3329B2332643381A00F1E8A1 /* Utils */ = {
			isa = PBXGroup;
			children = (
				3329B229264335E600F1E8A1 /* Date+Ext.swift */,
				3329B22E264335FA00F1E8A1 /* Constants.swift */,
				3329B21A2643359800F1E8A1 /* Region.swift */,
				3329B21F264335A200F1E8A1 /* Country.swift */,
				3329B2152643314B00F1E8A1 /* ContentViewModel.swift */,
			);
			path = Utils;
			sourceTree = "<group>";
		};
		3329B2372643381E00F1E8A1 /* Views */ = {
			isa = PBXGroup;
			children = (
				3329B1DD26430EC900F1E8A1 /* ContentView.swift */,
				3329B224264335C900F1E8A1 /* ListRowView.swift */,
			);
			path = Views;
			sourceTree = "<group>";
		};
/* End PBXGroup section */

/* Begin PBXNativeTarget section */
		3329B1D726430EC900F1E8A1 /* CovidCzech */ = {
			isa = PBXNativeTarget;
			buildConfigurationList = 3329B1FD26430ECA00F1E8A1 /* Build configuration list for PBXNativeTarget "CovidCzech" */;
			buildPhases = (
				3329B1D426430EC900F1E8A1 /* Sources */,
				3329B1D526430EC900F1E8A1 /* Frameworks */,
				3329B1D626430EC900F1E8A1 /* Resources */,
			);
			buildRules = (
			);
			dependencies = (
			);
			name = CovidCzech;
			packageProductDependencies = (
				3329B20A26430FE200F1E8A1 /* Charts */,
				3329B21026430FF900F1E8A1 /* SwiftyJSON */,
			);
			productName = CovidCzech;
			productReference = 3329B1D826430EC900F1E8A1 /* CovidCzech.app */;
			productType = "com.apple.product-type.application";
		};
		3329B1E826430ECA00F1E8A1 /* CovidCzechTests */ = {
			isa = PBXNativeTarget;
			buildConfigurationList = 3329B20026430ECA00F1E8A1 /* Build configuration list for PBXNativeTarget "CovidCzechTests" */;
			buildPhases = (
				3329B1E526430ECA00F1E8A1 /* Sources */,
				3329B1E626430ECA00F1E8A1 /* Frameworks */,
				3329B1E726430ECA00F1E8A1 /* Resources */,
			);
			buildRules = (
			);
			dependencies = (
				3329B1EB26430ECA00F1E8A1 /* PBXTargetDependency */,
			);
			name = CovidCzechTests;
			productName = CovidCzechTests;
			productReference = 3329B1E926430ECA00F1E8A1 /* CovidCzechTests.xctest */;
			productType = "com.apple.product-type.bundle.unit-test";
		};
		3329B1F326430ECA00F1E8A1 /* CovidCzechUITests */ = {
			isa = PBXNativeTarget;
			buildConfigurationList = 3329B20326430ECA00F1E8A1 /* Build configuration list for PBXNativeTarget "CovidCzechUITests" */;
			buildPhases = (
				3329B1F026430ECA00F1E8A1 /* Sources */,
				3329B1F126430ECA00F1E8A1 /* Frameworks */,
				3329B1F226430ECA00F1E8A1 /* Resources */,
			);
			buildRules = (
			);
			dependencies = (
				3329B1F626430ECA00F1E8A1 /* PBXTargetDependency */,
			);
			name = CovidCzechUITests;
			productName = CovidCzechUITests;
			productReference = 3329B1F426430ECA00F1E8A1 /* CovidCzechUITests.xctest */;
			productType = "com.apple.product-type.bundle.ui-testing";
		};
/* End PBXNativeTarget section */

/* Begin PBXProject section */
		3329B1D026430EC900F1E8A1 /* Project object */ = {
			isa = PBXProject;
			attributes = {
				LastSwiftUpdateCheck = 1240;
				LastUpgradeCheck = 1240;
				TargetAttributes = {
					3329B1D726430EC900F1E8A1 = {
						CreatedOnToolsVersion = 12.4;
					};
					3329B1E826430ECA00F1E8A1 = {
						CreatedOnToolsVersion = 12.4;
						TestTargetID = 3329B1D726430EC900F1E8A1;
					};
					3329B1F326430ECA00F1E8A1 = {
						CreatedOnToolsVersion = 12.4;
						TestTargetID = 3329B1D726430EC900F1E8A1;
					};
				};
			};
			buildConfigurationList = 3329B1D326430EC900F1E8A1 /* Build configuration list for PBXProject "CovidCzech" */;
			compatibilityVersion = "Xcode 9.3";
			developmentRegion = en;
			hasScannedForEncodings = 0;
			knownRegions = (
				en,
				Base,
				cs,
			);
			mainGroup = 3329B1CF26430EC900F1E8A1;
			packageReferences = (
				3329B20926430FE200F1E8A1 /* XCRemoteSwiftPackageReference "swiftui-charts" */,
				3329B20F26430FF900F1E8A1 /* XCRemoteSwiftPackageReference "SwiftyJSON" */,
			);
			productRefGroup = 3329B1D926430EC900F1E8A1 /* Products */;
			projectDirPath = "";
			projectRoot = "";
			targets = (
				3329B1D726430EC900F1E8A1 /* CovidCzech */,
				3329B1E826430ECA00F1E8A1 /* CovidCzechTests */,
				3329B1F326430ECA00F1E8A1 /* CovidCzechUITests */,
			);
		};
/* End PBXProject section */

/* Begin PBXResourcesBuildPhase section */
		3329B1D626430EC900F1E8A1 /* Resources */ = {
			isa = PBXResourcesBuildPhase;
			buildActionMask = 2147483647;
			files = (
				3329B1E326430ECA00F1E8A1 /* Preview Assets.xcassets in Resources */,
				33C9576E2643DB0A00792253 /* Localizable.strings in Resources */,
				3329B1E026430ECA00F1E8A1 /* Assets.xcassets in Resources */,
			);
			runOnlyForDeploymentPostprocessing = 0;
		};
		3329B1E726430ECA00F1E8A1 /* Resources */ = {
			isa = PBXResourcesBuildPhase;
			buildActionMask = 2147483647;
			files = (
			);
			runOnlyForDeploymentPostprocessing = 0;
		};
		3329B1F226430ECA00F1E8A1 /* Resources */ = {
			isa = PBXResourcesBuildPhase;
			buildActionMask = 2147483647;
			files = (
			);
			runOnlyForDeploymentPostprocessing = 0;
		};
/* End PBXResourcesBuildPhase section */

/* Begin PBXSourcesBuildPhase section */
		3329B1D426430EC900F1E8A1 /* Sources */ = {
			isa = PBXSourcesBuildPhase;
			buildActionMask = 2147483647;
			files = (
				3329B1DE26430EC900F1E8A1 /* ContentView.swift in Sources */,
				3329B1DC26430EC900F1E8A1 /* CovidCzechApp.swift in Sources */,
				3329B2162643314B00F1E8A1 /* ContentViewModel.swift in Sources */,
				3329B220264335A200F1E8A1 /* Country.swift in Sources */,
				3329B21B2643359800F1E8A1 /* Region.swift in Sources */,
				3329B22A264335E600F1E8A1 /* Date+Ext.swift in Sources */,
				3329B225264335C900F1E8A1 /* ListRowView.swift in Sources */,
				3329B22F264335FA00F1E8A1 /* Constants.swift in Sources */,
			);
			runOnlyForDeploymentPostprocessing = 0;
		};
		3329B1E526430ECA00F1E8A1 /* Sources */ = {
			isa = PBXSourcesBuildPhase;
			buildActionMask = 2147483647;
			files = (
				3329B1EE26430ECA00F1E8A1 /* CovidCzechTests.swift in Sources */,
			);
			runOnlyForDeploymentPostprocessing = 0;
		};
		3329B1F026430ECA00F1E8A1 /* Sources */ = {
			isa = PBXSourcesBuildPhase;
			buildActionMask = 2147483647;
			files = (
				3329B1F926430ECA00F1E8A1 /* CovidCzechUITests.swift in Sources */,
			);
			runOnlyForDeploymentPostprocessing = 0;
		};
/* End PBXSourcesBuildPhase section */

/* Begin PBXTargetDependency section */
		3329B1EB26430ECA00F1E8A1 /* PBXTargetDependency */ = {
			isa = PBXTargetDependency;
			target = 3329B1D726430EC900F1E8A1 /* CovidCzech */;
			targetProxy = 3329B1EA26430ECA00F1E8A1 /* PBXContainerItemProxy */;
		};
		3329B1F626430ECA00F1E8A1 /* PBXTargetDependency */ = {
			isa = PBXTargetDependency;
			target = 3329B1D726430EC900F1E8A1 /* CovidCzech */;
			targetProxy = 3329B1F526430ECA00F1E8A1 /* PBXContainerItemProxy */;
		};
/* End PBXTargetDependency section */

/* Begin PBXVariantGroup section */
		33C957702643DB0A00792253 /* Localizable.strings */ = {
			isa = PBXVariantGroup;
			children = (
				33C9576F2643DB0A00792253 /* en */,
				33C957742643DB0D00792253 /* cs */,
			);
			name = Localizable.strings;
			sourceTree = "<group>";
		};
/* End PBXVariantGroup section */

/* Begin XCBuildConfiguration section */
		3329B1FB26430ECA00F1E8A1 /* Debug */ = {
			isa = XCBuildConfiguration;
			buildSettings = {
				ALWAYS_SEARCH_USER_PATHS = NO;
				CLANG_ANALYZER_NONNULL = YES;
				CLANG_ANALYZER_NUMBER_OBJECT_CONVERSION = YES_AGGRESSIVE;
				CLANG_CXX_LANGUAGE_STANDARD = "gnu++14";
				CLANG_CXX_LIBRARY = "libc++";
				CLANG_ENABLE_MODULES = YES;
				CLANG_ENABLE_OBJC_ARC = YES;
				CLANG_ENABLE_OBJC_WEAK = YES;
				CLANG_WARN_BLOCK_CAPTURE_AUTORELEASING = YES;
				CLANG_WARN_BOOL_CONVERSION = YES;
				CLANG_WARN_COMMA = YES;
				CLANG_WARN_CONSTANT_CONVERSION = YES;
				CLANG_WARN_DEPRECATED_OBJC_IMPLEMENTATIONS = YES;
				CLANG_WARN_DIRECT_OBJC_ISA_USAGE = YES_ERROR;
				CLANG_WARN_DOCUMENTATION_COMMENTS = YES;
				CLANG_WARN_EMPTY_BODY = YES;
				CLANG_WARN_ENUM_CONVERSION = YES;
				CLANG_WARN_INFINITE_RECURSION = YES;
				CLANG_WARN_INT_CONVERSION = YES;
				CLANG_WARN_NON_LITERAL_NULL_CONVERSION = YES;
				CLANG_WARN_OBJC_IMPLICIT_RETAIN_SELF = YES;
				CLANG_WARN_OBJC_LITERAL_CONVERSION = YES;
				CLANG_WARN_OBJC_ROOT_CLASS = YES_ERROR;
				CLANG_WARN_QUOTED_INCLUDE_IN_FRAMEWORK_HEADER = YES;
				CLANG_WARN_RANGE_LOOP_ANALYSIS = YES;
				CLANG_WARN_STRICT_PROTOTYPES = YES;
				CLANG_WARN_SUSPICIOUS_MOVE = YES;
				CLANG_WARN_UNGUARDED_AVAILABILITY = YES_AGGRESSIVE;
				CLANG_WARN_UNREACHABLE_CODE = YES;
				CLANG_WARN__DUPLICATE_METHOD_MATCH = YES;
				COPY_PHASE_STRIP = NO;
				DEBUG_INFORMATION_FORMAT = dwarf;
				ENABLE_STRICT_OBJC_MSGSEND = YES;
				ENABLE_TESTABILITY = YES;
				GCC_C_LANGUAGE_STANDARD = gnu11;
				GCC_DYNAMIC_NO_PIC = NO;
				GCC_NO_COMMON_BLOCKS = YES;
				GCC_OPTIMIZATION_LEVEL = 0;
				GCC_PREPROCESSOR_DEFINITIONS = (
					"DEBUG=1",
					"$(inherited)",
				);
				GCC_WARN_64_TO_32_BIT_CONVERSION = YES;
				GCC_WARN_ABOUT_RETURN_TYPE = YES_ERROR;
				GCC_WARN_UNDECLARED_SELECTOR = YES;
				GCC_WARN_UNINITIALIZED_AUTOS = YES_AGGRESSIVE;
				GCC_WARN_UNUSED_FUNCTION = YES;
				GCC_WARN_UNUSED_VARIABLE = YES;
				IPHONEOS_DEPLOYMENT_TARGET = 14.4;
				MTL_ENABLE_DEBUG_INFO = INCLUDE_SOURCE;
				MTL_FAST_MATH = YES;
				ONLY_ACTIVE_ARCH = YES;
				SDKROOT = iphoneos;
				SWIFT_ACTIVE_COMPILATION_CONDITIONS = DEBUG;
				SWIFT_OPTIMIZATION_LEVEL = "-Onone";
			};
			name = Debug;
		};
		3329B1FC26430ECA00F1E8A1 /* Release */ = {
			isa = XCBuildConfiguration;
			buildSettings = {
				ALWAYS_SEARCH_USER_PATHS = NO;
				CLANG_ANALYZER_NONNULL = YES;
				CLANG_ANALYZER_NUMBER_OBJECT_CONVERSION = YES_AGGRESSIVE;
				CLANG_CXX_LANGUAGE_STANDARD = "gnu++14";
				CLANG_CXX_LIBRARY = "libc++";
				CLANG_ENABLE_MODULES = YES;
				CLANG_ENABLE_OBJC_ARC = YES;
				CLANG_ENABLE_OBJC_WEAK = YES;
				CLANG_WARN_BLOCK_CAPTURE_AUTORELEASING = YES;
				CLANG_WARN_BOOL_CONVERSION = YES;
				CLANG_WARN_COMMA = YES;
				CLANG_WARN_CONSTANT_CONVERSION = YES;
				CLANG_WARN_DEPRECATED_OBJC_IMPLEMENTATIONS = YES;
				CLANG_WARN_DIRECT_OBJC_ISA_USAGE = YES_ERROR;
				CLANG_WARN_DOCUMENTATION_COMMENTS = YES;
				CLANG_WARN_EMPTY_BODY = YES;
				CLANG_WARN_ENUM_CONVERSION = YES;
				CLANG_WARN_INFINITE_RECURSION = YES;
				CLANG_WARN_INT_CONVERSION = YES;
				CLANG_WARN_NON_LITERAL_NULL_CONVERSION = YES;
				CLANG_WARN_OBJC_IMPLICIT_RETAIN_SELF = YES;
				CLANG_WARN_OBJC_LITERAL_CONVERSION = YES;
				CLANG_WARN_OBJC_ROOT_CLASS = YES_ERROR;
				CLANG_WARN_QUOTED_INCLUDE_IN_FRAMEWORK_HEADER = YES;
				CLANG_WARN_RANGE_LOOP_ANALYSIS = YES;
				CLANG_WARN_STRICT_PROTOTYPES = YES;
				CLANG_WARN_SUSPICIOUS_MOVE = YES;
				CLANG_WARN_UNGUARDED_AVAILABILITY = YES_AGGRESSIVE;
				CLANG_WARN_UNREACHABLE_CODE = YES;
				CLANG_WARN__DUPLICATE_METHOD_MATCH = YES;
				COPY_PHASE_STRIP = NO;
				DEBUG_INFORMATION_FORMAT = "dwarf-with-dsym";
				ENABLE_NS_ASSERTIONS = NO;
				ENABLE_STRICT_OBJC_MSGSEND = YES;
				GCC_C_LANGUAGE_STANDARD = gnu11;
				GCC_NO_COMMON_BLOCKS = YES;
				GCC_WARN_64_TO_32_BIT_CONVERSION = YES;
				GCC_WARN_ABOUT_RETURN_TYPE = YES_ERROR;
				GCC_WARN_UNDECLARED_SELECTOR = YES;
				GCC_WARN_UNINITIALIZED_AUTOS = YES_AGGRESSIVE;
				GCC_WARN_UNUSED_FUNCTION = YES;
				GCC_WARN_UNUSED_VARIABLE = YES;
				IPHONEOS_DEPLOYMENT_TARGET = 14.4;
				MTL_ENABLE_DEBUG_INFO = NO;
				MTL_FAST_MATH = YES;
				SDKROOT = iphoneos;
				SWIFT_COMPILATION_MODE = wholemodule;
				SWIFT_OPTIMIZATION_LEVEL = "-O";
				VALIDATE_PRODUCT = YES;
			};
			name = Release;
		};
		3329B1FE26430ECA00F1E8A1 /* Debug */ = {
			isa = XCBuildConfiguration;
			buildSettings = {
				ASSETCATALOG_COMPILER_APPICON_NAME = AppIcon;
				ASSETCATALOG_COMPILER_GLOBAL_ACCENT_COLOR_NAME = AccentColor;
				CODE_SIGN_STYLE = Automatic;
				DEVELOPMENT_ASSET_PATHS = "\"CovidCzech/Preview Content\"";
				DEVELOPMENT_TEAM = F3J2V3S8J3;
				ENABLE_PREVIEWS = YES;
				INFOPLIST_FILE = CovidCzech/Info.plist;
				IPHONEOS_DEPLOYMENT_TARGET = 14.0;
				LD_RUNPATH_SEARCH_PATHS = (
					"$(inherited)",
					"@executable_path/Frameworks",
				);
				PRODUCT_BUNDLE_IDENTIFIER = com.amare.CovidCzech;
				PRODUCT_NAME = "$(TARGET_NAME)";
				SWIFT_VERSION = 5.0;
				TARGETED_DEVICE_FAMILY = "1,2";
			};
			name = Debug;
		};
		3329B1FF26430ECA00F1E8A1 /* Release */ = {
			isa = XCBuildConfiguration;
			buildSettings = {
				ASSETCATALOG_COMPILER_APPICON_NAME = AppIcon;
				ASSETCATALOG_COMPILER_GLOBAL_ACCENT_COLOR_NAME = AccentColor;
				CODE_SIGN_STYLE = Automatic;
				DEVELOPMENT_ASSET_PATHS = "\"CovidCzech/Preview Content\"";
				DEVELOPMENT_TEAM = F3J2V3S8J3;
				ENABLE_PREVIEWS = YES;
				INFOPLIST_FILE = CovidCzech/Info.plist;
				IPHONEOS_DEPLOYMENT_TARGET = 14.0;
				LD_RUNPATH_SEARCH_PATHS = (
					"$(inherited)",
					"@executable_path/Frameworks",
				);
				PRODUCT_BUNDLE_IDENTIFIER = com.amare.CovidCzech;
				PRODUCT_NAME = "$(TARGET_NAME)";
				SWIFT_VERSION = 5.0;
				TARGETED_DEVICE_FAMILY = "1,2";
			};
			name = Release;
		};
		3329B20126430ECA00F1E8A1 /* Debug */ = {
			isa = XCBuildConfiguration;
			buildSettings = {
				ALWAYS_EMBED_SWIFT_STANDARD_LIBRARIES = YES;
				BUNDLE_LOADER = "$(TEST_HOST)";
				CODE_SIGN_STYLE = Automatic;
				DEVELOPMENT_TEAM = F3J2V3S8J3;
				INFOPLIST_FILE = CovidCzechTests/Info.plist;
				IPHONEOS_DEPLOYMENT_TARGET = 14.0;
				LD_RUNPATH_SEARCH_PATHS = (
					"$(inherited)",
					"@executable_path/Frameworks",
					"@loader_path/Frameworks",
				);
				PRODUCT_BUNDLE_IDENTIFIER = com.amare.CovidCzechTests;
				PRODUCT_NAME = "$(TARGET_NAME)";
				SWIFT_VERSION = 5.0;
				TARGETED_DEVICE_FAMILY = "1,2";
				TEST_HOST = "$(BUILT_PRODUCTS_DIR)/CovidCzech.app/CovidCzech";
			};
			name = Debug;
		};
		3329B20226430ECA00F1E8A1 /* Release */ = {
			isa = XCBuildConfiguration;
			buildSettings = {
				ALWAYS_EMBED_SWIFT_STANDARD_LIBRARIES = YES;
				BUNDLE_LOADER = "$(TEST_HOST)";
				CODE_SIGN_STYLE = Automatic;
				DEVELOPMENT_TEAM = F3J2V3S8J3;
				INFOPLIST_FILE = CovidCzechTests/Info.plist;
				IPHONEOS_DEPLOYMENT_TARGET = 14.0;
				LD_RUNPATH_SEARCH_PATHS = (
					"$(inherited)",
					"@executable_path/Frameworks",
					"@loader_path/Frameworks",
				);
				PRODUCT_BUNDLE_IDENTIFIER = com.amare.CovidCzechTests;
				PRODUCT_NAME = "$(TARGET_NAME)";
				SWIFT_VERSION = 5.0;
				TARGETED_DEVICE_FAMILY = "1,2";
				TEST_HOST = "$(BUILT_PRODUCTS_DIR)/CovidCzech.app/CovidCzech";
			};
			name = Release;
		};
		3329B20426430ECA00F1E8A1 /* Debug */ = {
			isa = XCBuildConfiguration;
			buildSettings = {
				ALWAYS_EMBED_SWIFT_STANDARD_LIBRARIES = YES;
				CODE_SIGN_STYLE = Automatic;
				DEVELOPMENT_TEAM = F3J2V3S8J3;
				INFOPLIST_FILE = CovidCzechUITests/Info.plist;
				LD_RUNPATH_SEARCH_PATHS = (
					"$(inherited)",
					"@executable_path/Frameworks",
					"@loader_path/Frameworks",
				);
				PRODUCT_BUNDLE_IDENTIFIER = com.amare.CovidCzechUITests;
				PRODUCT_NAME = "$(TARGET_NAME)";
				SWIFT_VERSION = 5.0;
				TARGETED_DEVICE_FAMILY = "1,2";
				TEST_TARGET_NAME = CovidCzech;
			};
			name = Debug;
		};
		3329B20526430ECA00F1E8A1 /* Release */ = {
			isa = XCBuildConfiguration;
			buildSettings = {
				ALWAYS_EMBED_SWIFT_STANDARD_LIBRARIES = YES;
				CODE_SIGN_STYLE = Automatic;
				DEVELOPMENT_TEAM = F3J2V3S8J3;
				INFOPLIST_FILE = CovidCzechUITests/Info.plist;
				LD_RUNPATH_SEARCH_PATHS = (
					"$(inherited)",
					"@executable_path/Frameworks",
					"@loader_path/Frameworks",
				);
				PRODUCT_BUNDLE_IDENTIFIER = com.amare.CovidCzechUITests;
				PRODUCT_NAME = "$(TARGET_NAME)";
				SWIFT_VERSION = 5.0;
				TARGETED_DEVICE_FAMILY = "1,2";
				TEST_TARGET_NAME = CovidCzech;
			};
			name = Release;
		};
/* End XCBuildConfiguration section */

/* Begin XCConfigurationList section */
		3329B1D326430EC900F1E8A1 /* Build configuration list for PBXProject "CovidCzech" */ = {
			isa = XCConfigurationList;
			buildConfigurations = (
				3329B1FB26430ECA00F1E8A1 /* Debug */,
				3329B1FC26430ECA00F1E8A1 /* Release */,
			);
			defaultConfigurationIsVisible = 0;
			defaultConfigurationName = Release;
		};
		3329B1FD26430ECA00F1E8A1 /* Build configuration list for PBXNativeTarget "CovidCzech" */ = {
			isa = XCConfigurationList;
			buildConfigurations = (
				3329B1FE26430ECA00F1E8A1 /* Debug */,
				3329B1FF26430ECA00F1E8A1 /* Release */,
			);
			defaultConfigurationIsVisible = 0;
			defaultConfigurationName = Release;
		};
		3329B20026430ECA00F1E8A1 /* Build configuration list for PBXNativeTarget "CovidCzechTests" */ = {
			isa = XCConfigurationList;
			buildConfigurations = (
				3329B20126430ECA00F1E8A1 /* Debug */,
				3329B20226430ECA00F1E8A1 /* Release */,
			);
			defaultConfigurationIsVisible = 0;
			defaultConfigurationName = Release;
		};
		3329B20326430ECA00F1E8A1 /* Build configuration list for PBXNativeTarget "CovidCzechUITests" */ = {
			isa = XCConfigurationList;
			buildConfigurations = (
				3329B20426430ECA00F1E8A1 /* Debug */,
				3329B20526430ECA00F1E8A1 /* Release */,
			);
			defaultConfigurationIsVisible = 0;
			defaultConfigurationName = Release;
		};
/* End XCConfigurationList section */

/* Begin XCRemoteSwiftPackageReference section */
		3329B20926430FE200F1E8A1 /* XCRemoteSwiftPackageReference "swiftui-charts" */ = {
			isa = XCRemoteSwiftPackageReference;
			repositoryURL = "https://github.com/swift-extensions/swiftui-charts.git";
			requirement = {
				kind = upToNextMajorVersion;
				minimumVersion = 1.0.0;
			};
		};
		3329B20F26430FF900F1E8A1 /* XCRemoteSwiftPackageReference "SwiftyJSON" */ = {
			isa = XCRemoteSwiftPackageReference;
			repositoryURL = "https://github.com/SwiftyJSON/SwiftyJSON.git";
			requirement = {
				kind = upToNextMajorVersion;
				minimumVersion = 5.0.1;
			};
		};
/* End XCRemoteSwiftPackageReference section */

/* Begin XCSwiftPackageProductDependency section */
		3329B20A26430FE200F1E8A1 /* Charts */ = {
			isa = XCSwiftPackageProductDependency;
			package = 3329B20926430FE200F1E8A1 /* XCRemoteSwiftPackageReference "swiftui-charts" */;
			productName = Charts;
		};
		3329B21026430FF900F1E8A1 /* SwiftyJSON */ = {
			isa = XCSwiftPackageProductDependency;
			package = 3329B20F26430FF900F1E8A1 /* XCRemoteSwiftPackageReference "SwiftyJSON" */;
			productName = SwiftyJSON;
		};
/* End XCSwiftPackageProductDependency section */
	};
	rootObject = 3329B1D026430EC900F1E8A1 /* Project object */;
}
